
Microsoft Visual Studio Solution File, Format Version 12.00
# Visual Studio 15
VisualStudioVersion = 15.0.28010.2003
MinimumVisualStudioVersion = 10.0.40219.1
Project("{FAE04EC0-301F-11D3-BF4B-00C04F79EFBC}") = "web", "web\web.csproj", "{AD20AD2B-41F1-40DB-A585-1236136E0AF9}"
EndProject
Project("{FAE04EC0-301F-11D3-BF4B-00C04F79EFBC}") = "bll", "bll\bll.csproj", "{817052AF-DC30-4D00-91A3-9EAA59A185B7}"
EndProject
Global
	GlobalSection(SolutionConfigurationPlatforms) = preSolution
		Debug|Any CPU = Debug|Any CPU
		Release|Any CPU = Release|Any CPU
	EndGlobalSection
	GlobalSection(ProjectConfigurationPlatforms) = postSolution
		{AD20AD2B-41F1-40DB-A585-1236136E0AF9}.Debug|Any CPU.ActiveCfg = Debug|Any CPU
		{AD20AD2B-41F1-40DB-A585-1236136E0AF9}.Debug|Any CPU.Build.0 = Debug|Any CPU
		{AD20AD2B-41F1-40DB-A585-1236136E0AF9}.Release|Any CPU.ActiveCfg = Release|Any CPU
		{AD20AD2B-41F1-40DB-A585-1236136E0AF9}.Release|Any CPU.Build.0 = Release|Any CPU
		{817052AF-DC30-4D00-91A3-9EAA59A185B7}.Debug|Any CPU.ActiveCfg = Debug|Any CPU
		{817052AF-DC30-4D00-91A3-9EAA59A185B7}.Debug|Any CPU.Build.0 = Debug|Any CPU
		{817052AF-DC30-4D00-91A3-9EAA59A185B7}.Release|Any CPU.ActiveCfg = Release|Any CPU
		{817052AF-DC30-4D00-91A3-9EAA59A185B7}.Release|Any CPU.Build.0 = Release|Any CPU
	EndGlobalSection
	GlobalSection(SolutionProperties) = preSolution
		HideSolutionNode = FALSE
	EndGlobalSection
	GlobalSection(ExtensibilityGlobals) = postSolution
		SolutionGuid = {D2EDDCF8-B44B-4767-802C-04D335B3FB09}
	EndGlobalSection
EndGlobal
